
Microsoft Visual Studio Solution File, Format Version 12.00
# Visual Studio Version 16
VisualStudioVersion = 16.0.30711.63
MinimumVisualStudioVersion = 10.0.40219.1
Project("{FAE04EC0-301F-11D3-BF4B-00C04F79EFBC}") = "Juntar", "Juntar\Juntar.csproj", "{ECFDB4BE-3C86-4E22-8290-D6F1665E8141}"
EndProject
Global
	GlobalSection(SolutionConfigurationPlatforms) = preSolution
		Debug|Any CPU = Debug|Any CPU
		Release|Any CPU = Release|Any CPU
	EndGlobalSection
	GlobalSection(ProjectConfigurationPlatforms) = postSolution
		{ECFDB4BE-3C86-4E22-8290-D6F1665E8141}.Debug|Any CPU.ActiveCfg = Debug|Any CPU
		{ECFDB4BE-3C86-4E22-8290-D6F1665E8141}.Debug|Any CPU.Build.0 = Debug|Any CPU
		{ECFDB4BE-3C86-4E22-8290-D6F1665E8141}.Release|Any CPU.ActiveCfg = Release|Any CPU
		{ECFDB4BE-3C86-4E22-8290-D6F1665E8141}.Release|Any CPU.Build.0 = Release|Any CPU
	EndGlobalSection
	GlobalSection(SolutionProperties) = preSolution
		HideSolutionNode = FALSE
	EndGlobalSection
	GlobalSection(ExtensibilityGlobals) = postSolution
		SolutionGuid = {ECE1A298-E70B-4578-8EA7-24B9377FD31E}
	EndGlobalSection
EndGlobal
